
Microsoft Visual Studio Solution File, Format Version 12.00
Project("{FAE04EC0-301F-11D3-BF4B-00C04F79EFBC}") = "Problems-1", "Problems-1\Problems-1.csproj", "{5D006BBF-A9CF-4B22-9A7F-E7010F7614A3}"
EndProject
Project("{FAE04EC0-301F-11D3-BF4B-00C04F79EFBC}") = "Problems-2", "Problems-2\Problems-2.csproj", "{691B081B-EE9C-4D67-9AFD-3EA4521B083D}"
EndProject
Global
	GlobalSection(SolutionConfigurationPlatforms) = preSolution
		Debug|Any CPU = Debug|Any CPU
		Release|Any CPU = Release|Any CPU
	EndGlobalSection
	GlobalSection(ProjectConfigurationPlatforms) = postSolution
		{5D006BBF-A9CF-4B22-9A7F-E7010F7614A3}.Debug|Any CPU.ActiveCfg = Debug|Any CPU
		{5D006BBF-A9CF-4B22-9A7F-E7010F7614A3}.Debug|Any CPU.Build.0 = Debug|Any CPU
		{5D006BBF-A9CF-4B22-9A7F-E7010F7614A3}.Release|Any CPU.ActiveCfg = Release|Any CPU
		{5D006BBF-A9CF-4B22-9A7F-E7010F7614A3}.Release|Any CPU.Build.0 = Release|Any CPU
		{691B081B-EE9C-4D67-9AFD-3EA4521B083D}.Debug|Any CPU.ActiveCfg = Debug|Any CPU
		{691B081B-EE9C-4D67-9AFD-3EA4521B083D}.Debug|Any CPU.Build.0 = Debug|Any CPU
		{691B081B-EE9C-4D67-9AFD-3EA4521B083D}.Release|Any CPU.ActiveCfg = Release|Any CPU
		{691B081B-EE9C-4D67-9AFD-3EA4521B083D}.Release|Any CPU.Build.0 = Release|Any CPU
	EndGlobalSection
EndGlobal
